
Microsoft Visual Studio Solution File, Format Version 12.00
# Visual Studio 14
VisualStudioVersion = 14.0.25420.1
MinimumVisualStudioVersion = 10.0.40219.1
Project("{FAE04EC0-301F-11D3-BF4B-00C04F79EFBC}") = "BusinessEntities", "BusinessEntities\BusinessEntities.csproj", "{5F0A2B4A-D166-4661-B951-C403EAF3CEC6}"
EndProject
Project("{FAE04EC0-301F-11D3-BF4B-00C04F79EFBC}") = "DataModel", "DataModel\DataModel.csproj", "{7F9C671A-9356-47F0-B163-9C665DE152C9}"
EndProject
Project("{FAE04EC0-301F-11D3-BF4B-00C04F79EFBC}") = "BusinessServices", "BusinessServices\BusinessServices.csproj", "{CA6D4B18-DDBE-4403-B895-9986105DD02B}"
EndProject
Project("{FAE04EC0-301F-11D3-BF4B-00C04F79EFBC}") = "WebAPI", "WebAPI\WebAPI.csproj", "{4EA57A34-FA29-48BE-BF9C-F5F09440AC91}"
EndProject
Project("{FAE04EC0-301F-11D3-BF4B-00C04F79EFBC}") = "Resolver", "Resolver\Resolver.csproj", "{B68F6D2E-DE2E-4FA3-BBAE-3E0E63AAF364}"
EndProject
Global
	GlobalSection(SolutionConfigurationPlatforms) = preSolution
		Debug|Any CPU = Debug|Any CPU
		Release|Any CPU = Release|Any CPU
	EndGlobalSection
	GlobalSection(ProjectConfigurationPlatforms) = postSolution
		{5F0A2B4A-D166-4661-B951-C403EAF3CEC6}.Debug|Any CPU.ActiveCfg = Debug|Any CPU
		{5F0A2B4A-D166-4661-B951-C403EAF3CEC6}.Debug|Any CPU.Build.0 = Debug|Any CPU
		{5F0A2B4A-D166-4661-B951-C403EAF3CEC6}.Release|Any CPU.ActiveCfg = Release|Any CPU
		{5F0A2B4A-D166-4661-B951-C403EAF3CEC6}.Release|Any CPU.Build.0 = Release|Any CPU
		{7F9C671A-9356-47F0-B163-9C665DE152C9}.Debug|Any CPU.ActiveCfg = Debug|Any CPU
		{7F9C671A-9356-47F0-B163-9C665DE152C9}.Debug|Any CPU.Build.0 = Debug|Any CPU
		{7F9C671A-9356-47F0-B163-9C665DE152C9}.Release|Any CPU.ActiveCfg = Release|Any CPU
		{7F9C671A-9356-47F0-B163-9C665DE152C9}.Release|Any CPU.Build.0 = Release|Any CPU
		{CA6D4B18-DDBE-4403-B895-9986105DD02B}.Debug|Any CPU.ActiveCfg = Debug|Any CPU
		{CA6D4B18-DDBE-4403-B895-9986105DD02B}.Debug|Any CPU.Build.0 = Debug|Any CPU
		{CA6D4B18-DDBE-4403-B895-9986105DD02B}.Release|Any CPU.ActiveCfg = Release|Any CPU
		{CA6D4B18-DDBE-4403-B895-9986105DD02B}.Release|Any CPU.Build.0 = Release|Any CPU
		{4EA57A34-FA29-48BE-BF9C-F5F09440AC91}.Debug|Any CPU.ActiveCfg = Debug|Any CPU
		{4EA57A34-FA29-48BE-BF9C-F5F09440AC91}.Debug|Any CPU.Build.0 = Debug|Any CPU
		{4EA57A34-FA29-48BE-BF9C-F5F09440AC91}.Release|Any CPU.ActiveCfg = Release|Any CPU
		{4EA57A34-FA29-48BE-BF9C-F5F09440AC91}.Release|Any CPU.Build.0 = Release|Any CPU
		{B68F6D2E-DE2E-4FA3-BBAE-3E0E63AAF364}.Debug|Any CPU.ActiveCfg = Debug|Any CPU
		{B68F6D2E-DE2E-4FA3-BBAE-3E0E63AAF364}.Debug|Any CPU.Build.0 = Debug|Any CPU
		{B68F6D2E-DE2E-4FA3-BBAE-3E0E63AAF364}.Release|Any CPU.ActiveCfg = Release|Any CPU
		{B68F6D2E-DE2E-4FA3-BBAE-3E0E63AAF364}.Release|Any CPU.Build.0 = Release|Any CPU
	EndGlobalSection
	GlobalSection(SolutionProperties) = preSolution
		HideSolutionNode = FALSE
	EndGlobalSection
	GlobalSection(ExtensibilityGlobals) = postSolution
		EnterpriseLibraryConfigurationToolBinariesPath = packages\Unity.2.1.505.0\lib\NET35
	EndGlobalSection
EndGlobal
